
Microsoft Visual Studio Solution File, Format Version 12.00
# Visual Studio Version 17
VisualStudioVersion = 17.0.31912.275
MinimumVisualStudioVersion = 10.0.40219.1
Project("{9A19103F-16F7-4668-BE54-9A1E7A4F7556}") = "AdventOfCode2021.Solvers", "AdventOfCode2021.Solvers\AdventOfCode2021.Solvers.csproj", "{6DB2BAFD-1C0B-4C83-9927-3E3C464FC284}"
EndProject
Project("{9A19103F-16F7-4668-BE54-9A1E7A4F7556}") = "AdventOfCode2021.Runner", "AdventOfCode2021.Runner\AdventOfCode2021.Runner.csproj", "{8A27E2B4-5303-4B64-B27A-1B0C3832A978}"
EndProject
Global
	GlobalSection(SolutionConfigurationPlatforms) = preSolution
		Debug|Any CPU = Debug|Any CPU
		Release|Any CPU = Release|Any CPU
	EndGlobalSection
	GlobalSection(ProjectConfigurationPlatforms) = postSolution
		{6DB2BAFD-1C0B-4C83-9927-3E3C464FC284}.Debug|Any CPU.ActiveCfg = Debug|Any CPU
		{6DB2BAFD-1C0B-4C83-9927-3E3C464FC284}.Debug|Any CPU.Build.0 = Debug|Any CPU
		{6DB2BAFD-1C0B-4C83-9927-3E3C464FC284}.Release|Any CPU.ActiveCfg = Release|Any CPU
		{6DB2BAFD-1C0B-4C83-9927-3E3C464FC284}.Release|Any CPU.Build.0 = Release|Any CPU
		{8A27E2B4-5303-4B64-B27A-1B0C3832A978}.Debug|Any CPU.ActiveCfg = Debug|Any CPU
		{8A27E2B4-5303-4B64-B27A-1B0C3832A978}.Debug|Any CPU.Build.0 = Debug|Any CPU
		{8A27E2B4-5303-4B64-B27A-1B0C3832A978}.Release|Any CPU.ActiveCfg = Release|Any CPU
		{8A27E2B4-5303-4B64-B27A-1B0C3832A978}.Release|Any CPU.Build.0 = Release|Any CPU
	EndGlobalSection
	GlobalSection(SolutionProperties) = preSolution
		HideSolutionNode = FALSE
	EndGlobalSection
	GlobalSection(ExtensibilityGlobals) = postSolution
		SolutionGuid = {906DD28F-D99B-4C44-BF0B-AE554AC635A9}
	EndGlobalSection
EndGlobal
